
Microsoft Visual Studio Solution File, Format Version 12.00
# Visual Studio Version 17
VisualStudioVersion = 17.8.34112.27
MinimumVisualStudioVersion = 10.0.40219.1
Project("{FAE04EC0-301F-11D3-BF4B-00C04F79EFBC}") = "P_2do", "P_2do.csproj", "{3B744EFC-9318-4170-8EBF-BB24EFCEA1C5}"
EndProject
Global
	GlobalSection(SolutionConfigurationPlatforms) = preSolution
		Debug|Any CPU = Debug|Any CPU
		Release|Any CPU = Release|Any CPU
	EndGlobalSection
	GlobalSection(ProjectConfigurationPlatforms) = postSolution
		{3B744EFC-9318-4170-8EBF-BB24EFCEA1C5}.Debug|Any CPU.ActiveCfg = Debug|Any CPU
		{3B744EFC-9318-4170-8EBF-BB24EFCEA1C5}.Debug|Any CPU.Build.0 = Debug|Any CPU
		{3B744EFC-9318-4170-8EBF-BB24EFCEA1C5}.Release|Any CPU.ActiveCfg = Release|Any CPU
		{3B744EFC-9318-4170-8EBF-BB24EFCEA1C5}.Release|Any CPU.Build.0 = Release|Any CPU
	EndGlobalSection
	GlobalSection(SolutionProperties) = preSolution
		HideSolutionNode = FALSE
	EndGlobalSection
	GlobalSection(ExtensibilityGlobals) = postSolution
		SolutionGuid = {68EA9F48-6B14-4660-B973-6F6F24439C1F}
	EndGlobalSection
EndGlobal
